
Microsoft Visual Studio Solution File, Format Version 12.00
# Visual Studio Version 17
VisualStudioVersion = 17.0.32014.148
MinimumVisualStudioVersion = 10.0.40219.1
Project("{FAE04EC0-301F-11D3-BF4B-00C04F79EFBC}") = "CircleObject", "CircleObject\CircleObject.csproj", "{0B032ED4-B3E1-4418-84FD-3AD0CF7D476A}"
EndProject
Global
	GlobalSection(SolutionConfigurationPlatforms) = preSolution
		Debug|Any CPU = Debug|Any CPU
		Release|Any CPU = Release|Any CPU
	EndGlobalSection
	GlobalSection(ProjectConfigurationPlatforms) = postSolution
		{0B032ED4-B3E1-4418-84FD-3AD0CF7D476A}.Debug|Any CPU.ActiveCfg = Debug|Any CPU
		{0B032ED4-B3E1-4418-84FD-3AD0CF7D476A}.Debug|Any CPU.Build.0 = Debug|Any CPU
		{0B032ED4-B3E1-4418-84FD-3AD0CF7D476A}.Release|Any CPU.ActiveCfg = Release|Any CPU
		{0B032ED4-B3E1-4418-84FD-3AD0CF7D476A}.Release|Any CPU.Build.0 = Release|Any CPU
	EndGlobalSection
	GlobalSection(SolutionProperties) = preSolution
		HideSolutionNode = FALSE
	EndGlobalSection
	GlobalSection(ExtensibilityGlobals) = postSolution
		SolutionGuid = {FEF60491-A048-4D77-AA1F-04D457486CCA}
	EndGlobalSection
EndGlobal
